// !$*UTF8*$!
{
	archiveVersion = 1;
	classes = {
	};
	objectVersion = 50;
	objects = {

/* Begin PBXBuildFile section */
		5A064B41264C143400B172BC /* AppDelegate.swift in Sources */ = {isa = PBXBuildFile; fileRef = 5A064B40264C143400B172BC /* AppDelegate.swift */; };
		5A064B43264C143400B172BC /* SceneDelegate.swift in Sources */ = {isa = PBXBuildFile; fileRef = 5A064B42264C143400B172BC /* SceneDelegate.swift */; };
		5A064B45264C143400B172BC /* ViewController.swift in Sources */ = {isa = PBXBuildFile; fileRef = 5A064B44264C143400B172BC /* ViewController.swift */; };
		5A064B48264C143400B172BC /* Main.storyboard in Resources */ = {isa = PBXBuildFile; fileRef = 5A064B46264C143400B172BC /* Main.storyboard */; };
		5A064B4A264C143700B172BC /* Assets.xcassets in Resources */ = {isa = PBXBuildFile; fileRef = 5A064B49264C143700B172BC /* Assets.xcassets */; };
		5A064B4D264C143700B172BC /* LaunchScreen.storyboard in Resources */ = {isa = PBXBuildFile; fileRef = 5A064B4B264C143700B172BC /* LaunchScreen.storyboard */; };
		5A064B58264C143700B172BC /* GachaTests.swift in Sources */ = {isa = PBXBuildFile; fileRef = 5A064B57264C143700B172BC /* GachaTests.swift */; };
		5A064B63264C143700B172BC /* GachaUITests.swift in Sources */ = {isa = PBXBuildFile; fileRef = 5A064B62264C143700B172BC /* GachaUITests.swift */; };
		5A064B81264C14BF00B172BC /* bg_blue@2x.png in Resources */ = {isa = PBXBuildFile; fileRef = 5A064B72264C14BF00B172BC /* bg_blue@2x.png */; };
		5A064B82264C14BF00B172BC /* bg_gold@2x.png in Resources */ = {isa = PBXBuildFile; fileRef = 5A064B73264C14BF00B172BC /* bg_gold@2x.png */; };
		5A064B83264C14BF00B172BC /* gacha@2x.png in Resources */ = {isa = PBXBuildFile; fileRef = 5A064B74264C14BF00B172BC /* gacha@2x.png */; };
		5A064B84264C14BF00B172BC /* bg_red@2x.png in Resources */ = {isa = PBXBuildFile; fileRef = 5A064B75264C14BF00B172BC /* bg_red@2x.png */; };
		5A064B85264C14BF00B172BC /* monster005.png in Resources */ = {isa = PBXBuildFile; fileRef = 5A064B77264C14BF00B172BC /* monster005.png */; };
		5A064B86264C14BF00B172BC /* monster010.png in Resources */ = {isa = PBXBuildFile; fileRef = 5A064B78264C14BF00B172BC /* monster010.png */; };
		5A064B87264C14BF00B172BC /* monster004.png in Resources */ = {isa = PBXBuildFile; fileRef = 5A064B79264C14BF00B172BC /* monster004.png */; };
		5A064B88264C14BF00B172BC /* monster006.png in Resources */ = {isa = PBXBuildFile; fileRef = 5A064B7A264C14BF00B172BC /* monster006.png */; };
		5A064B89264C14BF00B172BC /* monster007.png in Resources */ = {isa = PBXBuildFile; fileRef = 5A064B7B264C14BF00B172BC /* monster007.png */; };
		5A064B8A264C14BF00B172BC /* monster003.png in Resources */ = {isa = PBXBuildFile; fileRef = 5A064B7C264C14BF00B172BC /* monster003.png */; };
		5A064B8B264C14BF00B172BC /* monster002.png in Resources */ = {isa = PBXBuildFile; fileRef = 5A064B7D264C14BF00B172BC /* monster002.png */; };
		5A064B8C264C14BF00B172BC /* monster001.png in Resources */ = {isa = PBXBuildFile; fileRef = 5A064B7E264C14BF00B172BC /* monster001.png */; };
		5A064B8D264C14BF00B172BC /* monster009.png in Resources */ = {isa = PBXBuildFile; fileRef = 5A064B7F264C14BF00B172BC /* monster009.png */; };
		5A064B8E264C14BF00B172BC /* monster008.png in Resources */ = {isa = PBXBuildFile; fileRef = 5A064B80264C14BF00B172BC /* monster008.png */; };
		5A064B90264C164500B172BC /* ResultViewController.swift in Sources */ = {isa = PBXBuildFile; fileRef = 5A064B8F264C164500B172BC /* ResultViewController.swift */; };
/* End PBXBuildFile section */

/* Begin PBXContainerItemProxy section */
		5A064B54264C143700B172BC /* PBXContainerItemProxy */ = {
			isa = PBXContainerItemProxy;
			containerPortal = 5A064B35264C143400B172BC /* Project object */;
			proxyType = 1;
			remoteGlobalIDString = 5A064B3C264C143400B172BC;
			remoteInfo = Gacha;
		};
		5A064B5F264C143700B172BC /* PBXContainerItemProxy */ = {
			isa = PBXContainerItemProxy;
			containerPortal = 5A064B35264C143400B172BC /* Project object */;
			proxyType = 1;
			remoteGlobalIDString = 5A064B3C264C143400B172BC;
			remoteInfo = Gacha;
		};
/* End PBXContainerItemProxy section */

/* Begin PBXFileReference section */
		5A064B3D264C143400B172BC /* Gacha.app */ = {isa = PBXFileReference; explicitFileType = wrapper.application; includeInIndex = 0; path = Gacha.app; sourceTree = BUILT_PRODUCTS_DIR; };
		5A064B40264C143400B172BC /* AppDelegate.swift */ = {isa = PBXFileReference; lastKnownFileType = sourcecode.swift; path = AppDelegate.swift; sourceTree = "<group>"; };
		5A064B42264C143400B172BC /* SceneDelegate.swift */ = {isa = PBXFileReference; lastKnownFileType = sourcecode.swift; path = SceneDelegate.swift; sourceTree = "<group>"; };
		5A064B44264C143400B172BC /* ViewController.swift */ = {isa = PBXFileReference; lastKnownFileType = sourcecode.swift; path = ViewController.swift; sourceTree = "<group>"; };
		5A064B47264C143400B172BC /* Base */ = {isa = PBXFileReference; lastKnownFileType = file.storyboard; name = Base; path = Base.lproj/Main.storyboard; sourceTree = "<group>"; };
		5A064B49264C143700B172BC /* Assets.xcassets */ = {isa = PBXFileReference; lastKnownFileType = folder.assetcatalog; path = Assets.xcassets; sourceTree = "<group>"; };
		5A064B4C264C143700B172BC /* Base */ = {isa = PBXFileReference; lastKnownFileType = file.storyboard; name = Base; path = Base.lproj/LaunchScreen.storyboard; sourceTree = "<group>"; };
		5A064B4E264C143700B172BC /* Info.plist */ = {isa = PBXFileReference; lastKnownFileType = text.plist.xml; path = Info.plist; sourceTree = "<group>"; };
		5A064B53264C143700B172BC /* GachaTests.xctest */ = {isa = PBXFileReference; explicitFileType = wrapper.cfbundle; includeInIndex = 0; path = GachaTests.xctest; sourceTree = BUILT_PRODUCTS_DIR; };
		5A064B57264C143700B172BC /* GachaTests.swift */ = {isa = PBXFileReference; lastKnownFileType = sourcecode.swift; path = GachaTests.swift; sourceTree = "<group>"; };
		5A064B59264C143700B172BC /* Info.plist */ = {isa = PBXFileReference; lastKnownFileType = text.plist.xml; path = Info.plist; sourceTree = "<group>"; };
		5A064B5E264C143700B172BC /* GachaUITests.xctest */ = {isa = PBXFileReference; explicitFileType = wrapper.cfbundle; includeInIndex = 0; path = GachaUITests.xctest; sourceTree = BUILT_PRODUCTS_DIR; };
		5A064B62264C143700B172BC /* GachaUITests.swift */ = {isa = PBXFileReference; lastKnownFileType = sourcecode.swift; path = GachaUITests.swift; sourceTree = "<group>"; };
		5A064B64264C143700B172BC /* Info.plist */ = {isa = PBXFileReference; lastKnownFileType = text.plist.xml; path = Info.plist; sourceTree = "<group>"; };
		5A064B72264C14BF00B172BC /* bg_blue@2x.png */ = {isa = PBXFileReference; lastKnownFileType = image.png; path = "bg_blue@2x.png"; sourceTree = "<group>"; };
		5A064B73264C14BF00B172BC /* bg_gold@2x.png */ = {isa = PBXFileReference; lastKnownFileType = image.png; path = "bg_gold@2x.png"; sourceTree = "<group>"; };
		5A064B74264C14BF00B172BC /* gacha@2x.png */ = {isa = PBXFileReference; lastKnownFileType = image.png; path = "gacha@2x.png"; sourceTree = "<group>"; };
		5A064B75264C14BF00B172BC /* bg_red@2x.png */ = {isa = PBXFileReference; lastKnownFileType = image.png; path = "bg_red@2x.png"; sourceTree = "<group>"; };
		5A064B77264C14BF00B172BC /* monster005.png */ = {isa = PBXFileReference; lastKnownFileType = image.png; path = monster005.png; sourceTree = "<group>"; };
		5A064B78264C14BF00B172BC /* monster010.png */ = {isa = PBXFileReference; lastKnownFileType = image.png; path = monster010.png; sourceTree = "<group>"; };
		5A064B79264C14BF00B172BC /* monster004.png */ = {isa = PBXFileReference; lastKnownFileType = image.png; path = monster004.png; sourceTree = "<group>"; };
		5A064B7A264C14BF00B172BC /* monster006.png */ = {isa = PBXFileReference; lastKnownFileType = image.png; path = monster006.png; sourceTree = "<group>"; };
		5A064B7B264C14BF00B172BC /* monster007.png */ = {isa = PBXFileReference; lastKnownFileType = image.png; path = monster007.png; sourceTree = "<group>"; };
		5A064B7C264C14BF00B172BC /* monster003.png */ = {isa = PBXFileReference; lastKnownFileType = image.png; path = monster003.png; sourceTree = "<group>"; };
		5A064B7D264C14BF00B172BC /* monster002.png */ = {isa = PBXFileReference; lastKnownFileType = image.png; path = monster002.png; sourceTree = "<group>"; };
		5A064B7E264C14BF00B172BC /* monster001.png */ = {isa = PBXFileReference; lastKnownFileType = image.png; path = monster001.png; sourceTree = "<group>"; };
		5A064B7F264C14BF00B172BC /* monster009.png */ = {isa = PBXFileReference; lastKnownFileType = image.png; path = monster009.png; sourceTree = "<group>"; };
		5A064B80264C14BF00B172BC /* monster008.png */ = {isa = PBXFileReference; lastKnownFileType = image.png; path = monster008.png; sourceTree = "<group>"; };
		5A064B8F264C164500B172BC /* ResultViewController.swift */ = {isa = PBXFileReference; lastKnownFileType = sourcecode.swift; path = ResultViewController.swift; sourceTree = "<group>"; };
/* End PBXFileReference section */

/* Begin PBXFrameworksBuildPhase section */
		5A064B3A264C143400B172BC /* Frameworks */ = {
			isa = PBXFrameworksBuildPhase;
			buildActionMask = 2147483647;
			files = (
			);
			runOnlyForDeploymentPostprocessing = 0;
		};
		5A064B50264C143700B172BC /* Frameworks */ = {
			isa = PBXFrameworksBuildPhase;
			buildActionMask = 2147483647;
			files = (
			);
			runOnlyForDeploymentPostprocessing = 0;
		};
		5A064B5B264C143700B172BC /* Frameworks */ = {
			isa = PBXFrameworksBuildPhase;
			buildActionMask = 2147483647;
			files = (
			);
			runOnlyForDeploymentPostprocessing = 0;
		};
/* End PBXFrameworksBuildPhase section */

/* Begin PBXGroup section */
		5A064B34264C143400B172BC = {
			isa = PBXGroup;
			children = (
				5A064B3F264C143400B172BC /* Gacha */,
				5A064B56264C143700B172BC /* GachaTests */,
				5A064B61264C143700B172BC /* GachaUITests */,
				5A064B3E264C143400B172BC /* Products */,
			);
			sourceTree = "<group>";
		};
		5A064B3E264C143400B172BC /* Products */ = {
			isa = PBXGroup;
			children = (
				5A064B3D264C143400B172BC /* Gacha.app */,
				5A064B53264C143700B172BC /* GachaTests.xctest */,
				5A064B5E264C143700B172BC /* GachaUITests.xctest */,
			);
			name = Products;
			sourceTree = "<group>";
		};
		5A064B3F264C143400B172BC /* Gacha */ = {
			isa = PBXGroup;
			children = (
				5A064B40264C143400B172BC /* AppDelegate.swift */,
				5A064B70264C14BF00B172BC /* GachaResources */,
				5A064B42264C143400B172BC /* SceneDelegate.swift */,
				5A064B44264C143400B172BC /* ViewController.swift */,
				5A064B46264C143400B172BC /* Main.storyboard */,
				5A064B49264C143700B172BC /* Assets.xcassets */,
				5A064B4B264C143700B172BC /* LaunchScreen.storyboard */,
				5A064B4E264C143700B172BC /* Info.plist */,
				5A064B8F264C164500B172BC /* ResultViewController.swift */,
			);
			path = Gacha;
			sourceTree = "<group>";
		};
		5A064B56264C143700B172BC /* GachaTests */ = {
			isa = PBXGroup;
			children = (
				5A064B57264C143700B172BC /* GachaTests.swift */,
				5A064B59264C143700B172BC /* Info.plist */,
			);
			path = GachaTests;
			sourceTree = "<group>";
		};
		5A064B61264C143700B172BC /* GachaUITests */ = {
			isa = PBXGroup;
			children = (
				5A064B62264C143700B172BC /* GachaUITests.swift */,
				5A064B64264C143700B172BC /* Info.plist */,
			);
			path = GachaUITests;
			sourceTree = "<group>";
		};
		5A064B70264C14BF00B172BC /* GachaResources */ = {
			isa = PBXGroup;
			children = (
				5A064B71264C14BF00B172BC /* background */,
				5A064B76264C14BF00B172BC /* monster */,
			);
			path = GachaResources;
			sourceTree = "<group>";
		};
		5A064B71264C14BF00B172BC /* background */ = {
			isa = PBXGroup;
			children = (
				5A064B72264C14BF00B172BC /* bg_blue@2x.png */,
				5A064B73264C14BF00B172BC /* bg_gold@2x.png */,
				5A064B74264C14BF00B172BC /* gacha@2x.png */,
				5A064B75264C14BF00B172BC /* bg_red@2x.png */,
			);
			path = background;
			sourceTree = "<group>";
		};
		5A064B76264C14BF00B172BC /* monster */ = {
			isa = PBXGroup;
			children = (
				5A064B77264C14BF00B172BC /* monster005.png */,
				5A064B78264C14BF00B172BC /* monster010.png */,
				5A064B79264C14BF00B172BC /* monster004.png */,
				5A064B7A264C14BF00B172BC /* monster006.png */,
				5A064B7B264C14BF00B172BC /* monster007.png */,
				5A064B7C264C14BF00B172BC /* monster003.png */,
				5A064B7D264C14BF00B172BC /* monster002.png */,
				5A064B7E264C14BF00B172BC /* monster001.png */,
				5A064B7F264C14BF00B172BC /* monster009.png */,
				5A064B80264C14BF00B172BC /* monster008.png */,
			);
			path = monster;
			sourceTree = "<group>";
		};
/* End PBXGroup section */

/* Begin PBXNativeTarget section */
		5A064B3C264C143400B172BC /* Gacha */ = {
			isa = PBXNativeTarget;
			buildConfigurationList = 5A064B67264C143700B172BC /* Build configuration list for PBXNativeTarget "Gacha" */;
			buildPhases = (
				5A064B39264C143400B172BC /* Sources */,
				5A064B3A264C143400B172BC /* Frameworks */,
				5A064B3B264C143400B172BC /* Resources */,
			);
			buildRules = (
			);
			dependencies = (
			);
			name = Gacha;
			productName = Gacha;
			productReference = 5A064B3D264C143400B172BC /* Gacha.app */;
			productType = "com.apple.product-type.application";
		};
		5A064B52264C143700B172BC /* GachaTests */ = {
			isa = PBXNativeTarget;
			buildConfigurationList = 5A064B6A264C143700B172BC /* Build configuration list for PBXNativeTarget "GachaTests" */;
			buildPhases = (
				5A064B4F264C143700B172BC /* Sources */,
				5A064B50264C143700B172BC /* Frameworks */,
				5A064B51264C143700B172BC /* Resources */,
			);
			buildRules = (
			);
			dependencies = (
				5A064B55264C143700B172BC /* PBXTargetDependency */,
			);
			name = GachaTests;
			productName = GachaTests;
			productReference = 5A064B53264C143700B172BC /* GachaTests.xctest */;
			productType = "com.apple.product-type.bundle.unit-test";
		};
		5A064B5D264C143700B172BC /* GachaUITests */ = {
			isa = PBXNativeTarget;
			buildConfigurationList = 5A064B6D264C143700B172BC /* Build configuration list for PBXNativeTarget "GachaUITests" */;
			buildPhases = (
				5A064B5A264C143700B172BC /* Sources */,
				5A064B5B264C143700B172BC /* Frameworks */,
				5A064B5C264C143700B172BC /* Resources */,
			);
			buildRules = (
			);
			dependencies = (
				5A064B60264C143700B172BC /* PBXTargetDependency */,
			);
			name = GachaUITests;
			productName = GachaUITests;
			productReference = 5A064B5E264C143700B172BC /* GachaUITests.xctest */;
			productType = "com.apple.product-type.bundle.ui-testing";
		};
/* End PBXNativeTarget section */

/* Begin PBXProject section */
		5A064B35264C143400B172BC /* Project object */ = {
			isa = PBXProject;
			attributes = {
				LastSwiftUpdateCheck = 1250;
				LastUpgradeCheck = 1250;
				TargetAttributes = {
					5A064B3C264C143400B172BC = {
						CreatedOnToolsVersion = 12.5;
					};
					5A064B52264C143700B172BC = {
						CreatedOnToolsVersion = 12.5;
						TestTargetID = 5A064B3C264C143400B172BC;
					};
					5A064B5D264C143700B172BC = {
						CreatedOnToolsVersion = 12.5;
						TestTargetID = 5A064B3C264C143400B172BC;
					};
				};
			};
			buildConfigurationList = 5A064B38264C143400B172BC /* Build configuration list for PBXProject "Gacha" */;
			compatibilityVersion = "Xcode 9.3";
			developmentRegion = en;
			hasScannedForEncodings = 0;
			knownRegions = (
				en,
				Base,
			);
			mainGroup = 5A064B34264C143400B172BC;
			productRefGroup = 5A064B3E264C143400B172BC /* Products */;
			projectDirPath = "";
			projectRoot = "";
			targets = (
				5A064B3C264C143400B172BC /* Gacha */,
				5A064B52264C143700B172BC /* GachaTests */,
				5A064B5D264C143700B172BC /* GachaUITests */,
			);
		};
/* End PBXProject section */

/* Begin PBXResourcesBuildPhase section */
		5A064B3B264C143400B172BC /* Resources */ = {
			isa = PBXResourcesBuildPhase;
			buildActionMask = 2147483647;
			files = (
				5A064B84264C14BF00B172BC /* bg_red@2x.png in Resources */,
				5A064B4D264C143700B172BC /* LaunchScreen.storyboard in Resources */,
				5A064B8D264C14BF00B172BC /* monster009.png in Resources */,
				5A064B82264C14BF00B172BC /* bg_gold@2x.png in Resources */,
				5A064B8A264C14BF00B172BC /* monster003.png in Resources */,
				5A064B8C264C14BF00B172BC /* monster001.png in Resources */,
				5A064B8E264C14BF00B172BC /* monster008.png in Resources */,
				5A064B4A264C143700B172BC /* Assets.xcassets in Resources */,
				5A064B89264C14BF00B172BC /* monster007.png in Resources */,
				5A064B83264C14BF00B172BC /* gacha@2x.png in Resources */,
				5A064B8B264C14BF00B172BC /* monster002.png in Resources */,
				5A064B48264C143400B172BC /* Main.storyboard in Resources */,
				5A064B86264C14BF00B172BC /* monster010.png in Resources */,
				5A064B88264C14BF00B172BC /* monster006.png in Resources */,
				5A064B85264C14BF00B172BC /* monster005.png in Resources */,
				5A064B81264C14BF00B172BC /* bg_blue@2x.png in Resources */,
				5A064B87264C14BF00B172BC /* monster004.png in Resources */,
			);
			runOnlyForDeploymentPostprocessing = 0;
		};
		5A064B51264C143700B172BC /* Resources */ = {
			isa = PBXResourcesBuildPhase;
			buildActionMask = 2147483647;
			files = (
			);
			runOnlyForDeploymentPostprocessing = 0;
		};
		5A064B5C264C143700B172BC /* Resources */ = {
			isa = PBXResourcesBuildPhase;
			buildActionMask = 2147483647;
			files = (
			);
			runOnlyForDeploymentPostprocessing = 0;
		};
/* End PBXResourcesBuildPhase section */

/* Begin PBXSourcesBuildPhase section */
		5A064B39264C143400B172BC /* Sources */ = {
			isa = PBXSourcesBuildPhase;
			buildActionMask = 2147483647;
			files = (
				5A064B45264C143400B172BC /* ViewController.swift in Sources */,
				5A064B41264C143400B172BC /* AppDelegate.swift in Sources */,
				5A064B43264C143400B172BC /* SceneDelegate.swift in Sources */,
				5A064B90264C164500B172BC /* ResultViewController.swift in Sources */,
			);
			runOnlyForDeploymentPostprocessing = 0;
		};
		5A064B4F264C143700B172BC /* Sources */ = {
			isa = PBXSourcesBuildPhase;
			buildActionMask = 2147483647;
			files = (
				5A064B58264C143700B172BC /* GachaTests.swift in Sources */,
			);
			runOnlyForDeploymentPostprocessing = 0;
		};
		5A064B5A264C143700B172BC /* Sources */ = {
			isa = PBXSourcesBuildPhase;
			buildActionMask = 2147483647;
			files = (
				5A064B63264C143700B172BC /* GachaUITests.swift in Sources */,
			);
			runOnlyForDeploymentPostprocessing = 0;
		};
/* End PBXSourcesBuildPhase section */

/* Begin PBXTargetDependency section */
		5A064B55264C143700B172BC /* PBXTargetDependency */ = {
			isa = PBXTargetDependency;
			target = 5A064B3C264C143400B172BC /* Gacha */;
			targetProxy = 5A064B54264C143700B172BC /* PBXContainerItemProxy */;
		};
		5A064B60264C143700B172BC /* PBXTargetDependency */ = {
			isa = PBXTargetDependency;
			target = 5A064B3C264C143400B172BC /* Gacha */;
			targetProxy = 5A064B5F264C143700B172BC /* PBXContainerItemProxy */;
		};
/* End PBXTargetDependency section */

/* Begin PBXVariantGroup section */
		5A064B46264C143400B172BC /* Main.storyboard */ = {
			isa = PBXVariantGroup;
			children = (
				5A064B47264C143400B172BC /* Base */,
			);
			name = Main.storyboard;
			sourceTree = "<group>";
		};
		5A064B4B264C143700B172BC /* LaunchScreen.storyboard */ = {
			isa = PBXVariantGroup;
			children = (
				5A064B4C264C143700B172BC /* Base */,
			);
			name = LaunchScreen.storyboard;
			sourceTree = "<group>";
		};
/* End PBXVariantGroup section */

/* Begin XCBuildConfiguration section */
		5A064B65264C143700B172BC /* Debug */ = {
			isa = XCBuildConfiguration;
			buildSettings = {
				ALWAYS_SEARCH_USER_PATHS = NO;
				CLANG_ANALYZER_NONNULL = YES;
				CLANG_ANALYZER_NUMBER_OBJECT_CONVERSION = YES_AGGRESSIVE;
				CLANG_CXX_LANGUAGE_STANDARD = "gnu++14";
				CLANG_CXX_LIBRARY = "libc++";
				CLANG_ENABLE_MODULES = YES;
				CLANG_ENABLE_OBJC_ARC = YES;
				CLANG_ENABLE_OBJC_WEAK = YES;
				CLANG_WARN_BLOCK_CAPTURE_AUTORELEASING = YES;
				CLANG_WARN_BOOL_CONVERSION = YES;
				CLANG_WARN_COMMA = YES;
				CLANG_WARN_CONSTANT_CONVERSION = YES;
				CLANG_WARN_DEPRECATED_OBJC_IMPLEMENTATIONS = YES;
				CLANG_WARN_DIRECT_OBJC_ISA_USAGE = YES_ERROR;
				CLANG_WARN_DOCUMENTATION_COMMENTS = YES;
				CLANG_WARN_EMPTY_BODY = YES;
				CLANG_WARN_ENUM_CONVERSION = YES;
				CLANG_WARN_INFINITE_RECURSION = YES;
				CLANG_WARN_INT_CONVERSION = YES;
				CLANG_WARN_NON_LITERAL_NULL_CONVERSION = YES;
				CLANG_WARN_OBJC_IMPLICIT_RETAIN_SELF = YES;
				CLANG_WARN_OBJC_LITERAL_CONVERSION = YES;
				CLANG_WARN_OBJC_ROOT_CLASS = YES_ERROR;
				CLANG_WARN_QUOTED_INCLUDE_IN_FRAMEWORK_HEADER = YES;
				CLANG_WARN_RANGE_LOOP_ANALYSIS = YES;
				CLANG_WARN_STRICT_PROTOTYPES = YES;
				CLANG_WARN_SUSPICIOUS_MOVE = YES;
				CLANG_WARN_UNGUARDED_AVAILABILITY = YES_AGGRESSIVE;
				CLANG_WARN_UNREACHABLE_CODE = YES;
				CLANG_WARN__DUPLICATE_METHOD_MATCH = YES;
				COPY_PHASE_STRIP = NO;
				DEBUG_INFORMATION_FORMAT = dwarf;
				ENABLE_STRICT_OBJC_MSGSEND = YES;
				ENABLE_TESTABILITY = YES;
				GCC_C_LANGUAGE_STANDARD = gnu11;
				GCC_DYNAMIC_NO_PIC = NO;
				GCC_NO_COMMON_BLOCKS = YES;
				GCC_OPTIMIZATION_LEVEL = 0;
				GCC_PREPROCESSOR_DEFINITIONS = (
					"DEBUG=1",
					"$(inherited)",
				);
				GCC_WARN_64_TO_32_BIT_CONVERSION = YES;
				GCC_WARN_ABOUT_RETURN_TYPE = YES_ERROR;
				GCC_WARN_UNDECLARED_SELECTOR = YES;
				GCC_WARN_UNINITIALIZED_AUTOS = YES_AGGRESSIVE;
				GCC_WARN_UNUSED_FUNCTION = YES;
				GCC_WARN_UNUSED_VARIABLE = YES;
				IPHONEOS_DEPLOYMENT_TARGET = 14.5;
				MTL_ENABLE_DEBUG_INFO = INCLUDE_SOURCE;
				MTL_FAST_MATH = YES;
				ONLY_ACTIVE_ARCH = YES;
				SDKROOT = iphoneos;
				SWIFT_ACTIVE_COMPILATION_CONDITIONS = DEBUG;
				SWIFT_OPTIMIZATION_LEVEL = "-Onone";
			};
			name = Debug;
		};
		5A064B66264C143700B172BC /* Release */ = {
			isa = XCBuildConfiguration;
			buildSettings = {
				ALWAYS_SEARCH_USER_PATHS = NO;
				CLANG_ANALYZER_NONNULL = YES;
				CLANG_ANALYZER_NUMBER_OBJECT_CONVERSION = YES_AGGRESSIVE;
				CLANG_CXX_LANGUAGE_STANDARD = "gnu++14";
				CLANG_CXX_LIBRARY = "libc++";
				CLANG_ENABLE_MODULES = YES;
				CLANG_ENABLE_OBJC_ARC = YES;
				CLANG_ENABLE_OBJC_WEAK = YES;
				CLANG_WARN_BLOCK_CAPTURE_AUTORELEASING = YES;
				CLANG_WARN_BOOL_CONVERSION = YES;
				CLANG_WARN_COMMA = YES;
				CLANG_WARN_CONSTANT_CONVERSION = YES;
				CLANG_WARN_DEPRECATED_OBJC_IMPLEMENTATIONS = YES;
				CLANG_WARN_DIRECT_OBJC_ISA_USAGE = YES_ERROR;
				CLANG_WARN_DOCUMENTATION_COMMENTS = YES;
				CLANG_WARN_EMPTY_BODY = YES;
				CLANG_WARN_ENUM_CONVERSION = YES;
				CLANG_WARN_INFINITE_RECURSION = YES;
				CLANG_WARN_INT_CONVERSION = YES;
				CLANG_WARN_NON_LITERAL_NULL_CONVERSION = YES;
				CLANG_WARN_OBJC_IMPLICIT_RETAIN_SELF = YES;
				CLANG_WARN_OBJC_LITERAL_CONVERSION = YES;
				CLANG_WARN_OBJC_ROOT_CLASS = YES_ERROR;
				CLANG_WARN_QUOTED_INCLUDE_IN_FRAMEWORK_HEADER = YES;
				CLANG_WARN_RANGE_LOOP_ANALYSIS = YES;
				CLANG_WARN_STRICT_PROTOTYPES = YES;
				CLANG_WARN_SUSPICIOUS_MOVE = YES;
				CLANG_WARN_UNGUARDED_AVAILABILITY = YES_AGGRESSIVE;
				CLANG_WARN_UNREACHABLE_CODE = YES;
				CLANG_WARN__DUPLICATE_METHOD_MATCH = YES;
				COPY_PHASE_STRIP = NO;
				DEBUG_INFORMATION_FORMAT = "dwarf-with-dsym";
				ENABLE_NS_ASSERTIONS = NO;
				ENABLE_STRICT_OBJC_MSGSEND = YES;
				GCC_C_LANGUAGE_STANDARD = gnu11;
				GCC_NO_COMMON_BLOCKS = YES;
				GCC_WARN_64_TO_32_BIT_CONVERSION = YES;
				GCC_WARN_ABOUT_RETURN_TYPE = YES_ERROR;
				GCC_WARN_UNDECLARED_SELECTOR = YES;
				GCC_WARN_UNINITIALIZED_AUTOS = YES_AGGRESSIVE;
				GCC_WARN_UNUSED_FUNCTION = YES;
				GCC_WARN_UNUSED_VARIABLE = YES;
				IPHONEOS_DEPLOYMENT_TARGET = 14.5;
				MTL_ENABLE_DEBUG_INFO = NO;
				MTL_FAST_MATH = YES;
				SDKROOT = iphoneos;
				SWIFT_COMPILATION_MODE = wholemodule;
				SWIFT_OPTIMIZATION_LEVEL = "-O";
				VALIDATE_PRODUCT = YES;
			};
			name = Release;
		};
		5A064B68264C143700B172BC /* Debug */ = {
			isa = XCBuildConfiguration;
			buildSettings = {
				ASSETCATALOG_COMPILER_APPICON_NAME = AppIcon;
				ASSETCATALOG_COMPILER_GLOBAL_ACCENT_COLOR_NAME = AccentColor;
				CODE_SIGN_STYLE = Automatic;
				DEVELOPMENT_TEAM = NKCRP99VAX;
				INFOPLIST_FILE = Gacha/Info.plist;
				LD_RUNPATH_SEARCH_PATHS = (
					"$(inherited)",
					"@executable_path/Frameworks",
				);
				PRODUCT_BUNDLE_IDENTIFIER = com.yanagisawa.ryukiringo.Gacha;
				PRODUCT_NAME = "$(TARGET_NAME)";
				SWIFT_VERSION = 5.0;
				TARGETED_DEVICE_FAMILY = "1,2";
			};
			name = Debug;
		};
		5A064B69264C143700B172BC /* Release */ = {
			isa = XCBuildConfiguration;
			buildSettings = {
				ASSETCATALOG_COMPILER_APPICON_NAME = AppIcon;
				ASSETCATALOG_COMPILER_GLOBAL_ACCENT_COLOR_NAME = AccentColor;
				CODE_SIGN_STYLE = Automatic;
				DEVELOPMENT_TEAM = NKCRP99VAX;
				INFOPLIST_FILE = Gacha/Info.plist;
				LD_RUNPATH_SEARCH_PATHS = (
					"$(inherited)",
					"@executable_path/Frameworks",
				);
				PRODUCT_BUNDLE_IDENTIFIER = com.yanagisawa.ryukiringo.Gacha;
				PRODUCT_NAME = "$(TARGET_NAME)";
				SWIFT_VERSION = 5.0;
				TARGETED_DEVICE_FAMILY = "1,2";
			};
			name = Release;
		};
		5A064B6B264C143700B172BC /* Debug */ = {
			isa = XCBuildConfiguration;
			buildSettings = {
				ALWAYS_EMBED_SWIFT_STANDARD_LIBRARIES = YES;
				BUNDLE_LOADER = "$(TEST_HOST)";
				CODE_SIGN_STYLE = Automatic;
				DEVELOPMENT_TEAM = NKCRP99VAX;
				INFOPLIST_FILE = GachaTests/Info.plist;
				IPHONEOS_DEPLOYMENT_TARGET = 14.5;
				LD_RUNPATH_SEARCH_PATHS = (
					"$(inherited)",
					"@executable_path/Frameworks",
					"@loader_path/Frameworks",
				);
				PRODUCT_BUNDLE_IDENTIFIER = com.yanagisawa.ryukiringo.GachaTests;
				PRODUCT_NAME = "$(TARGET_NAME)";
				SWIFT_VERSION = 5.0;
				TARGETED_DEVICE_FAMILY = "1,2";
				TEST_HOST = "$(BUILT_PRODUCTS_DIR)/Gacha.app/Gacha";
			};
			name = Debug;
		};
		5A064B6C264C143700B172BC /* Release */ = {
			isa = XCBuildConfiguration;
			buildSettings = {
				ALWAYS_EMBED_SWIFT_STANDARD_LIBRARIES = YES;
				BUNDLE_LOADER = "$(TEST_HOST)";
				CODE_SIGN_STYLE = Automatic;
				DEVELOPMENT_TEAM = NKCRP99VAX;
				INFOPLIST_FILE = GachaTests/Info.plist;
				IPHONEOS_DEPLOYMENT_TARGET = 14.5;
				LD_RUNPATH_SEARCH_PATHS = (
					"$(inherited)",
					"@executable_path/Frameworks",
					"@loader_path/Frameworks",
				);
				PRODUCT_BUNDLE_IDENTIFIER = com.yanagisawa.ryukiringo.GachaTests;
				PRODUCT_NAME = "$(TARGET_NAME)";
				SWIFT_VERSION = 5.0;
				TARGETED_DEVICE_FAMILY = "1,2";
				TEST_HOST = "$(BUILT_PRODUCTS_DIR)/Gacha.app/Gacha";
			};
			name = Release;
		};
		5A064B6E264C143700B172BC /* Debug */ = {
			isa = XCBuildConfiguration;
			buildSettings = {
				ALWAYS_EMBED_SWIFT_STANDARD_LIBRARIES = YES;
				CODE_SIGN_STYLE = Automatic;
				DEVELOPMENT_TEAM = NKCRP99VAX;
				INFOPLIST_FILE = GachaUITests/Info.plist;
				LD_RUNPATH_SEARCH_PATHS = (
					"$(inherited)",
					"@executable_path/Frameworks",
					"@loader_path/Frameworks",
				);
				PRODUCT_BUNDLE_IDENTIFIER = com.yanagisawa.ryukiringo.GachaUITests;
				PRODUCT_NAME = "$(TARGET_NAME)";
				SWIFT_VERSION = 5.0;
				TARGETED_DEVICE_FAMILY = "1,2";
				TEST_TARGET_NAME = Gacha;
			};
			name = Debug;
		};
		5A064B6F264C143700B172BC /* Release */ = {
			isa = XCBuildConfiguration;
			buildSettings = {
				ALWAYS_EMBED_SWIFT_STANDARD_LIBRARIES = YES;
				CODE_SIGN_STYLE = Automatic;
				DEVELOPMENT_TEAM = NKCRP99VAX;
				INFOPLIST_FILE = GachaUITests/Info.plist;
				LD_RUNPATH_SEARCH_PATHS = (
					"$(inherited)",
					"@executable_path/Frameworks",
					"@loader_path/Frameworks",
				);
				PRODUCT_BUNDLE_IDENTIFIER = com.yanagisawa.ryukiringo.GachaUITests;
				PRODUCT_NAME = "$(TARGET_NAME)";
				SWIFT_VERSION = 5.0;
				TARGETED_DEVICE_FAMILY = "1,2";
				TEST_TARGET_NAME = Gacha;
			};
			name = Release;
		};
/* End XCBuildConfiguration section */

/* Begin XCConfigurationList section */
		5A064B38264C143400B172BC /* Build configuration list for PBXProject "Gacha" */ = {
			isa = XCConfigurationList;
			buildConfigurations = (
				5A064B65264C143700B172BC /* Debug */,
				5A064B66264C143700B172BC /* Release */,
			);
			defaultConfigurationIsVisible = 0;
			defaultConfigurationName = Release;
		};
		5A064B67264C143700B172BC /* Build configuration list for PBXNativeTarget "Gacha" */ = {
			isa = XCConfigurationList;
			buildConfigurations = (
				5A064B68264C143700B172BC /* Debug */,
				5A064B69264C143700B172BC /* Release */,
			);
			defaultConfigurationIsVisible = 0;
			defaultConfigurationName = Release;
		};
		5A064B6A264C143700B172BC /* Build configuration list for PBXNativeTarget "GachaTests" */ = {
			isa = XCConfigurationList;
			buildConfigurations = (
				5A064B6B264C143700B172BC /* Debug */,
				5A064B6C264C143700B172BC /* Release */,
			);
			defaultConfigurationIsVisible = 0;
			defaultConfigurationName = Release;
		};
		5A064B6D264C143700B172BC /* Build configuration list for PBXNativeTarget "GachaUITests" */ = {
			isa = XCConfigurationList;
			buildConfigurations = (
				5A064B6E264C143700B172BC /* Debug */,
				5A064B6F264C143700B172BC /* Release */,
			);
			defaultConfigurationIsVisible = 0;
			defaultConfigurationName = Release;
		};
/* End XCConfigurationList section */
	};
	rootObject = 5A064B35264C143400B172BC /* Project object */;
}
